lockfileVersion: '9.0'

settings:
  autoInstallPeers: true
  excludeLinksFromLockfile: false

importers:

  .:
    dependencies:
      gl-matrix:
        specifier: ^3.4.3
        version: 3.4.3
    devDependencies:
      '@types/gl-matrix':
        specifier: ^3.2.0
        version: 3.2.0
      '@webgpu/types':
        specifier: ^0.1.51
        version: 0.1.51
      typescript:
        specifier: ^5.7.2
        version: 5.7.2

packages:

  '@types/gl-matrix@3.2.0':
    resolution: {integrity: sha512-CY4JAtSOGQX7rVgqVuOk7ZfaLv8VeadDMPj3smMOy8Hp/YiHONa3Mr0mEUgbo0eEwV7+Owpf6BwspcA7hv4NXg==}
    deprecated: This is a stub types definition. gl-matrix provides its own type definitions, so you do not need this installed.

  '@webgpu/types@0.1.51':
    resolution: {integrity: sha512-ktR3u64NPjwIViNCck+z9QeyN0iPkQCUOQ07ZCV1RzlkfP+olLTeEZ95O1QHS+v4w9vJeY9xj/uJuSphsHy5rQ==}

  gl-matrix@3.4.3:
    resolution: {integrity: sha512-wcCp8vu8FT22BnvKVPjXa/ICBWRq/zjFfdofZy1WSpQZpphblv12/bOQLBC1rMM7SGOFS9ltVmKOHil5+Ml7gA==}

  typescript@5.7.2:
    resolution: {integrity: sha512-i5t66RHxDvVN40HfDd1PsEThGNnlMCMT3jMUuoh9/0TaqWevNontacunWyN02LA9/fIbEWlcHZcgTKb9QoaLfg==}
    engines: {node: '>=14.17'}
    hasBin: true

snapshots:

  '@types/gl-matrix@3.2.0':
    dependencies:
      gl-matrix: 3.4.3

  '@webgpu/types@0.1.51': {}

  gl-matrix@3.4.3: {}

  typescript@5.7.2: {}
